
Microsoft Visual Studio Solution File, Format Version 12.00
# Visual Studio Version 17
VisualStudioVersion = 17.4.33213.308
MinimumVisualStudioVersion = 10.0.40219.1
Project("{FAE04EC0-301F-11D3-BF4B-00C04F79EFBC}") = "API", "API\API.csproj", "{BD5D1C1F-362B-4DDA-AF8A-88D424C6A334}"
EndProject
Global
	GlobalSection(SolutionConfigurationPlatforms) = preSolution
		Debug|Any CPU = Debug|Any CPU
		Release|Any CPU = Release|Any CPU
	EndGlobalSection
	GlobalSection(ProjectConfigurationPlatforms) = postSolution
		{BD5D1C1F-362B-4DDA-AF8A-88D424C6A334}.Debug|Any CPU.ActiveCfg = Debug|Any CPU
		{BD5D1C1F-362B-4DDA-AF8A-88D424C6A334}.Debug|Any CPU.Build.0 = Debug|Any CPU
		{BD5D1C1F-362B-4DDA-AF8A-88D424C6A334}.Release|Any CPU.ActiveCfg = Release|Any CPU
		{BD5D1C1F-362B-4DDA-AF8A-88D424C6A334}.Release|Any CPU.Build.0 = Release|Any CPU
	EndGlobalSection
	GlobalSection(SolutionProperties) = preSolution
		HideSolutionNode = FALSE
	EndGlobalSection
	GlobalSection(ExtensibilityGlobals) = postSolution
		SolutionGuid = {3420DDCE-D9CD-467C-BD4A-684CB41822C4}
	EndGlobalSection
EndGlobal
